
Microsoft Visual Studio Solution File, Format Version 12.00
# Visual Studio Version 17
VisualStudioVersion = 17.0.31903.59
MinimumVisualStudioVersion = 10.0.40219.1
Project("{9A19103F-16F7-4668-BE54-9A1E7A4F7556}") = "ToDoListApi.Presentation", "ToDoListApi.Presentation\ToDoListApi.Presentation.csproj", "{F2083238-4C67-414D-83B7-D8664B1188EC}"
EndProject
Project("{FAE04EC0-301F-11D3-BF4B-00C04F79EFBC}") = "ToDoListApi.Infrastructure", "ToDoListApi.Infrastructure\ToDoListApi.Infrastructure.csproj", "{A242655B-754D-4FE5-9E96-C2A0EAD91F8B}"
EndProject
Project("{FAE04EC0-301F-11D3-BF4B-00C04F79EFBC}") = "ToDoListApi.Domain", "ToDoListApi.Domain\ToDoListApi.Domain.csproj", "{0945D06A-FB48-4693-83DD-402375E4342F}"
EndProject
Project("{FAE04EC0-301F-11D3-BF4B-00C04F79EFBC}") = "ToDoListApi.Application", "ToDoListApi.Application\ToDoListApi.Application.csproj", "{6EEB2B18-2F6A-43E7-B48C-DAF826872A28}"
EndProject
Project("{2150E333-8FDC-42A3-9474-1A3956D46DE8}") = "gitIgnore", "gitIgnore", "{74916C15-D54B-410F-BDC2-FEA9F2805643}"
	ProjectSection(SolutionItems) = preProject
		.gitignore = .gitignore
	EndProjectSection
EndProject
Global
	GlobalSection(SolutionConfigurationPlatforms) = preSolution
		Debug|Any CPU = Debug|Any CPU
		Release|Any CPU = Release|Any CPU
	EndGlobalSection
	GlobalSection(ProjectConfigurationPlatforms) = postSolution
		{F2083238-4C67-414D-83B7-D8664B1188EC}.Debug|Any CPU.ActiveCfg = Debug|Any CPU
		{F2083238-4C67-414D-83B7-D8664B1188EC}.Debug|Any CPU.Build.0 = Debug|Any CPU
		{F2083238-4C67-414D-83B7-D8664B1188EC}.Release|Any CPU.ActiveCfg = Release|Any CPU
		{F2083238-4C67-414D-83B7-D8664B1188EC}.Release|Any CPU.Build.0 = Release|Any CPU
		{A242655B-754D-4FE5-9E96-C2A0EAD91F8B}.Debug|Any CPU.ActiveCfg = Debug|Any CPU
		{A242655B-754D-4FE5-9E96-C2A0EAD91F8B}.Debug|Any CPU.Build.0 = Debug|Any CPU
		{A242655B-754D-4FE5-9E96-C2A0EAD91F8B}.Release|Any CPU.ActiveCfg = Release|Any CPU
		{A242655B-754D-4FE5-9E96-C2A0EAD91F8B}.Release|Any CPU.Build.0 = Release|Any CPU
		{0945D06A-FB48-4693-83DD-402375E4342F}.Debug|Any CPU.ActiveCfg = Debug|Any CPU
		{0945D06A-FB48-4693-83DD-402375E4342F}.Debug|Any CPU.Build.0 = Debug|Any CPU
		{0945D06A-FB48-4693-83DD-402375E4342F}.Release|Any CPU.ActiveCfg = Release|Any CPU
		{0945D06A-FB48-4693-83DD-402375E4342F}.Release|Any CPU.Build.0 = Release|Any CPU
		{6EEB2B18-2F6A-43E7-B48C-DAF826872A28}.Debug|Any CPU.ActiveCfg = Debug|Any CPU
		{6EEB2B18-2F6A-43E7-B48C-DAF826872A28}.Debug|Any CPU.Build.0 = Debug|Any CPU
		{6EEB2B18-2F6A-43E7-B48C-DAF826872A28}.Release|Any CPU.ActiveCfg = Release|Any CPU
		{6EEB2B18-2F6A-43E7-B48C-DAF826872A28}.Release|Any CPU.Build.0 = Release|Any CPU
	EndGlobalSection
	GlobalSection(SolutionProperties) = preSolution
		HideSolutionNode = FALSE
	EndGlobalSection
	GlobalSection(ExtensibilityGlobals) = postSolution
		SolutionGuid = {9243A282-232C-4D4C-BC7C-4C62EE65003A}
	EndGlobalSection
EndGlobal
